<?xml version="1.0" encoding="utf-8"?>
<Project ToolsVersion="4.0" xmlns="http://schemas.microsoft.com/developer/msbuild/2003">
  <ItemGroup>
    <Filter Include="源文件">
      <UniqueIdentifier>{4FC737F1-C7A5-4376-A066-2A32D752A2FF}</UniqueIdentifier>
      <Extensions>cpp;c;cc;cxx;def;odl;idl;hpj;bat;asm;asmx</Extensions>
    </Filter>
    <Filter Include="头文件">
      <UniqueIdentifier>{93995380-89BD-4b04-88EB-625FBE52EBFB}</UniqueIdentifier>
      <Extensions>h;hh;hpp;hxx;hm;inl;inc;xsd</Extensions>
    </Filter>
    <Filter Include="资源文件">
      <UniqueIdentifier>{67DA6AB6-F800-4c08-8B7A-83BB121AAD01}</UniqueIdentifier>
      <Extensions>rc;ico;cur;bmp;dlg;rc2;rct;bin;rgs;gif;jpg;jpeg;jpe;resx;tiff;tif;png;wav;mfcribbon-ms</Extensions>
    </Filter>
    <Filter Include="源文件\Segmentation-LCCP">
      <UniqueIdentifier>{c18dac2f-57fc-4d50-852c-4429c15d65b7}</UniqueIdentifier>
    </Filter>
    <Filter Include="源文件\CaptureRawStream">
      <UniqueIdentifier>{20590dd1-4df1-4ba1-9df9-1a1fbb63dc2a}</UniqueIdentifier>
    </Filter>
    <Filter Include="源文件\DownSampling">
      <UniqueIdentifier>{2b15ebe5-7b92-47ec-b407-5abc5bb6c68d}</UniqueIdentifier>
    </Filter>
    <Filter Include="源文件\PClVisulaizer">
      <UniqueIdentifier>{57c4e1c2-b9fa-4852-b79e-ed120ded7395}</UniqueIdentifier>
    </Filter>
  </ItemGroup>
  <ItemGroup>
    <Text Include="ReadMe.txt" />
  </ItemGroup>
  <ItemGroup>
    <ClInclude Include="stdafx.h">
      <Filter>头文件</Filter>
    </ClInclude>
    <ClInclude Include="targetver.h">
      <Filter>头文件</Filter>
    </ClInclude>
    <ClInclude Include="Config.h">
      <Filter>头文件</Filter>
    </ClInclude>
    <ClInclude Include="GraphicsDef.hpp">
      <Filter>头文件</Filter>
    </ClInclude>
    <ClInclude Include="MathUtilities.hpp">
      <Filter>头文件</Filter>
    </ClInclude>
    <ClInclude Include="Renderer.h">
      <Filter>头文件</Filter>
    </ClInclude>
  </ItemGroup>
  <ItemGroup>
    <ClCompile Include="LCCP.cpp">
      <Filter>源文件\Segmentation-LCCP</Filter>
    </ClCompile>
    <ClCompile Include="CaptureRawStream.cpp">
      <Filter>源文件\CaptureRawStream</Filter>
    </ClCompile>
    <ClCompile Include="voxelgriddownsampling.cpp">
      <Filter>源文件\DownSampling</Filter>
    </ClCompile>
    <ClCompile Include="main.cpp">
      <Filter>源文件\PClVisulaizer</Filter>
    </ClCompile>
    <ClCompile Include="Renderer.cpp">
      <Filter>源文件\PClVisulaizer</Filter>
    </ClCompile>
  </ItemGroup>
</Project>